<?xml version="1.0" encoding="utf-8"?>
<Project ToolsVersion="4.0" xmlns="http://schemas.microsoft.com/developer/msbuild/2003">
  <ItemGroup>
    <ClCompile Include="..\..\..\csrc\pf_cglue.c">
      <Filter>Source</Filter>
    </ClCompile>
    <ClCompile Include="..\..\..\csrc\pf_clib.c">
      <Filter>Source</Filter>
    </ClCompile>
    <ClCompile Include="..\..\..\csrc\pf_core.c">
      <Filter>Source</Filter>
    </ClCompile>
    <ClCompile Include="..\..\..\csrc\stdio\pf_fileio_stdio.c">
      <Filter>Source</Filter>
    </ClCompile>
    <ClCompile Include="..\..\..\csrc\pf_inner.c">
      <Filter>Source</Filter>
    </ClCompile>
    <ClCompile Include="..\..\..\csrc\pf_io.c">
      <Filter>Source</Filter>
    </ClCompile>
    <ClCompile Include="..\..\..\csrc\pf_io_none.c">
      <Filter>Source</Filter>
    </ClCompile>
    <ClCompile Include="..\..\..\csrc\win32_console\pf_io_win32_console.c">
      <Filter>Source</Filter>
    </ClCompile>
    <ClCompile Include="..\..\..\csrc\pf_mem.c">
      <Filter>Source</Filter>
    </ClCompile>
    <ClCompile Include="..\..\..\csrc\pf_main.c">
      <Filter>Source</Filter>
    </ClCompile>
    <ClCompile Include="..\..\..\csrc\pf_save.c">
      <Filter>Source</Filter>
    </ClCompile>
    <ClCompile Include="..\..\..\csrc\pf_text.c">
      <Filter>Source</Filter>
    </ClCompile>
    <ClCompile Include="..\..\..\csrc\pf_words.c">
      <Filter>Source</Filter>
    </ClCompile>
    <ClCompile Include="..\..\..\csrc\pfcompil.c">
      <Filter>Source</Filter>
    </ClCompile>
    <ClCompile Include="..\..\..\csrc\pfcustom.c">
      <Filter>Source</Filter>
    </ClCompile>
  </ItemGroup>
  <ItemGroup>
    <ClInclude Include="..\..\..\csrc\pf_all.h">
      <Filter>Include</Filter>
    </ClInclude>
    <ClInclude Include="..\..\..\csrc\pf_cglue.h">
      <Filter>Include</Filter>
    </ClInclude>
    <ClInclude Include="..\..\..\csrc\pf_clib.h">
      <Filter>Include</Filter>
    </ClInclude>
    <ClInclude Include="..\..\..\csrc\pf_core.h">
      <Filter>Include</Filter>
    </ClInclude>
    <ClInclude Include="..\..\..\csrc\pf_float.h">
      <Filter>Include</Filter>
    </ClInclude>
    <ClInclude Include="..\..\..\csrc\pf_guts.h">
      <Filter>Include</Filter>
    </ClInclude>
    <ClInclude Include="..\..\..\csrc\pf_host.h">
      <Filter>Include</Filter>
    </ClInclude>
    <ClInclude Include="..\..\..\csrc\pf_inc1.h">
      <Filter>Include</Filter>
    </ClInclude>
    <ClInclude Include="..\..\..\csrc\pf_io.h">
      <Filter>Include</Filter>
    </ClInclude>
    <ClInclude Include="..\..\..\csrc\pf_mem.h">
      <Filter>Include</Filter>
    </ClInclude>
    <ClInclude Include="..\..\..\csrc\pf_save.h">
      <Filter>Include</Filter>
    </ClInclude>
    <ClInclude Include="..\..\..\csrc\pf_text.h">
      <Filter>Include</Filter>
    </ClInclude>
    <ClInclude Include="..\..\..\csrc\pf_types.h">
      <Filter>Include</Filter>
    </ClInclude>
    <ClInclude Include="..\..\..\csrc\pf_win32.h">
      <Filter>Include</Filter>
    </ClInclude>
    <ClInclude Include="..\..\..\csrc\pf_words.h">
      <Filter>Include</Filter>
    </ClInclude>
    <ClInclude Include="..\..\..\csrc\pfcompfp.h">
      <Filter>Include</Filter>
    </ClInclude>
    <ClInclude Include="..\..\..\csrc\pfcompil.h">
      <Filter>Include</Filter>
    </ClInclude>
    <ClInclude Include="..\..\..\csrc\pfdicdat_arm.h">
      <Filter>Include</Filter>
    </ClInclude>
    <ClInclude Include="..\..\..\csrc\pfdicdat.h">
      <Filter>Include</Filter>
    </ClInclude>
    <ClInclude Include="..\..\..\csrc\pfinnrfp.h">
      <Filter>Include</Filter>
    </ClInclude>
    <ClInclude Include="..\..\..\csrc\pforth.h">
      <Filter>Include</Filter>
    </ClInclude>
  </ItemGroup>
  <ItemGroup>
    <Filter Include="Include">
      <UniqueIdentifier>{6711f4b0-6d8c-4641-8260-e6d2c953bd3b}</UniqueIdentifier>
    </Filter>
    <Filter Include="Source">
      <UniqueIdentifier>{298706eb-f166-4f0b-8404-a52c3fdf5d21}</UniqueIdentifier>
    </Filter>
  </ItemGroup>
</Project>